{
  "name": "server-template-client",
  "version": "1.0.0",
  "lockfileVersion": 1,
  "requires": true,
  "dependencies": {
    "flow-webpack-plugin": {
      "version": "1.2.0",
      "resolved": "https://registry.npmjs.org/flow-webpack-plugin/-/flow-webpack-plugin-1.2.0.tgz",
      "integrity": "sha512-eBlH8qC2S1x9e/A2medm+MJesJAE2xdx+LwpKbImB6yUVi+lmyRUH67IWbBtY/S+PEoGR/kg+PWRCg9Bv17n8g==",
      "dev": true
    }
  }
}
